{
  "requires": true,
  "lockfileVersion": 1,
  "dependencies": {
    "basiclightbox": {
      "version": "5.0.4",
      "resolved": "https://registry.npmjs.org/basiclightbox/-/basiclightbox-5.0.4.tgz",
      "integrity": "sha512-EsuNWmfcFXWZOe0txKXsllYOC7bDpoaVLc4HHHlYKB/roymlZs+FBdLUU6rx2yPpnJZhulwheKdPjqr2k0+NGQ=="
    },
    "simplelightbox": {
      "version": "2.9.0",
      "resolved": "https://registry.npmjs.org/simplelightbox/-/simplelightbox-2.9.0.tgz",
      "integrity": "sha512-KePIdw1NEBh91DWFO6cx/G7j8FcHCyQLD70R+zaoKlYrKAUPGE3PYi1dUXP0sbOJ7YA0Z/BZszA96TXxB0XaHw=="
    }
  }
}
